
Microsoft Visual Studio Solution File, Format Version 12.00
# Visual Studio 2012
Project("{FAE04EC0-301F-11D3-BF4B-00C04F79EFBC}") = "Convert capital letters into small", "Convert capital letters into small\Convert capital letters into small.csproj", "{B3F0B16E-EAD2-4D32-AFB7-932C10073F39}"
EndProject
Global
	GlobalSection(SolutionConfigurationPlatforms) = preSolution
		Debug|Any CPU = Debug|Any CPU
		Release|Any CPU = Release|Any CPU
	EndGlobalSection
	GlobalSection(ProjectConfigurationPlatforms) = postSolution
		{B3F0B16E-EAD2-4D32-AFB7-932C10073F39}.Debug|Any CPU.ActiveCfg = Debug|Any CPU
		{B3F0B16E-EAD2-4D32-AFB7-932C10073F39}.Debug|Any CPU.Build.0 = Debug|Any CPU
		{B3F0B16E-EAD2-4D32-AFB7-932C10073F39}.Release|Any CPU.ActiveCfg = Release|Any CPU
		{B3F0B16E-EAD2-4D32-AFB7-932C10073F39}.Release|Any CPU.Build.0 = Release|Any CPU
	EndGlobalSection
	GlobalSection(SolutionProperties) = preSolution
		HideSolutionNode = FALSE
	EndGlobalSection
EndGlobal
